
Microsoft Visual Studio Solution File, Format Version 12.00
Project("{FAE04EC0-301F-11D3-BF4B-00C04F79EFBC}") = "GridDemo", "GridDemo\GridDemo.csproj", "{438D3474-1B06-4C2A-AAC1-9A57D64177FF}"
EndProject
Global
	GlobalSection(SolutionConfigurationPlatforms) = preSolution
		Debug|Any CPU = Debug|Any CPU
		Release|Any CPU = Release|Any CPU
	EndGlobalSection
	GlobalSection(ProjectConfigurationPlatforms) = postSolution
		{438D3474-1B06-4C2A-AAC1-9A57D64177FF}.Debug|Any CPU.ActiveCfg = Debug|Any CPU
		{438D3474-1B06-4C2A-AAC1-9A57D64177FF}.Debug|Any CPU.Build.0 = Debug|Any CPU
		{438D3474-1B06-4C2A-AAC1-9A57D64177FF}.Release|Any CPU.ActiveCfg = Release|Any CPU
		{438D3474-1B06-4C2A-AAC1-9A57D64177FF}.Release|Any CPU.Build.0 = Release|Any CPU
	EndGlobalSection
EndGlobal
